// !$*UTF8*$!
{
	archiveVersion = 1;
	classes = {
	};
	objectVersion = 50;
	objects = {

/* Begin PBXBuildFile section */
		1A30BDBB24406D8600904F6E /* LeeCode203.swift in Sources */ = {isa = PBXBuildFile; fileRef = 1A30BDBA24406D8600904F6E /* LeeCode203.swift */; };
		1A30BDBD24407A5900904F6E /* LeeCode234.swift in Sources */ = {isa = PBXBuildFile; fileRef = 1A30BDBC24407A5900904F6E /* LeeCode234.swift */; };
		1A30BDBF24407F2900904F6E /* LeeCode237.swift in Sources */ = {isa = PBXBuildFile; fileRef = 1A30BDBE24407F2900904F6E /* LeeCode237.swift */; };
		1A802643243D758900B0A56A /* LeeCode23.swift in Sources */ = {isa = PBXBuildFile; fileRef = 1A802642243D758900B0A56A /* LeeCode23.swift */; };
		1A802645243D769500B0A56A /* LeeCode2.swift in Sources */ = {isa = PBXBuildFile; fileRef = 1A802644243D769500B0A56A /* LeeCode2.swift */; };
		1A802647243D77B600B0A56A /* LeeCode19.swift in Sources */ = {isa = PBXBuildFile; fileRef = 1A802646243D77B600B0A56A /* LeeCode19.swift */; };
		1A802649243D782700B0A56A /* LeeCode146.swift in Sources */ = {isa = PBXBuildFile; fileRef = 1A802648243D782700B0A56A /* LeeCode146.swift */; };
		1A87687B243EE53800A8CEEE /* LeeCode24.swift in Sources */ = {isa = PBXBuildFile; fileRef = 1A87687A243EE53800A8CEEE /* LeeCode24.swift */; };
		1A876881243F258C00A8CEEE /* LeeCode206.swift in Sources */ = {isa = PBXBuildFile; fileRef = 1A876880243F258C00A8CEEE /* LeeCode206.swift */; };
		84054C53243CBECD00FD840C /* main.swift in Sources */ = {isa = PBXBuildFile; fileRef = 84054C52243CBECD00FD840C /* main.swift */; };
		84054C5A243CBEDD00FD840C /* LeeCode21.swift in Sources */ = {isa = PBXBuildFile; fileRef = 84054C59243CBEDD00FD840C /* LeeCode21.swift */; };
		84BF1182243F4DD200A35AE4 /* LeeCode83.swift in Sources */ = {isa = PBXBuildFile; fileRef = 84BF1181243F4DD200A35AE4 /* LeeCode83.swift */; };
		84BF1184243F527400A35AE4 /* BaseModel.swift in Sources */ = {isa = PBXBuildFile; fileRef = 84BF1183243F527400A35AE4 /* BaseModel.swift */; };
		84BF1186243F5CE700A35AE4 /* LeeCode141.swift in Sources */ = {isa = PBXBuildFile; fileRef = 84BF1185243F5CE700A35AE4 /* LeeCode141.swift */; };
		84BF118D2441716A00A35AE4 /* LeeCode160.swift in Sources */ = {isa = PBXBuildFile; fileRef = 84BF118C2441716A00A35AE4 /* LeeCode160.swift */; };
/* End PBXBuildFile section */

/* Begin PBXCopyFilesBuildPhase section */
		84054C4D243CBECD00FD840C /* CopyFiles */ = {
			isa = PBXCopyFilesBuildPhase;
			buildActionMask = 2147483647;
			dstPath = /usr/share/man/man1/;
			dstSubfolderSpec = 0;
			files = (
			);
			runOnlyForDeploymentPostprocessing = 1;
		};
/* End PBXCopyFilesBuildPhase section */

/* Begin PBXFileReference section */
		1A30BDBA24406D8600904F6E /* LeeCode203.swift */ = {isa = PBXFileReference; lastKnownFileType = sourcecode.swift; path = LeeCode203.swift; sourceTree = "<group>"; };
		1A30BDBC24407A5900904F6E /* LeeCode234.swift */ = {isa = PBXFileReference; lastKnownFileType = sourcecode.swift; path = LeeCode234.swift; sourceTree = "<group>"; };
		1A30BDBE24407F2900904F6E /* LeeCode237.swift */ = {isa = PBXFileReference; lastKnownFileType = sourcecode.swift; path = LeeCode237.swift; sourceTree = "<group>"; };
		1A802642243D758900B0A56A /* LeeCode23.swift */ = {isa = PBXFileReference; lastKnownFileType = sourcecode.swift; path = LeeCode23.swift; sourceTree = "<group>"; };
		1A802644243D769500B0A56A /* LeeCode2.swift */ = {isa = PBXFileReference; lastKnownFileType = sourcecode.swift; path = LeeCode2.swift; sourceTree = "<group>"; };
		1A802646243D77B600B0A56A /* LeeCode19.swift */ = {isa = PBXFileReference; lastKnownFileType = sourcecode.swift; path = LeeCode19.swift; sourceTree = "<group>"; };
		1A802648243D782700B0A56A /* LeeCode146.swift */ = {isa = PBXFileReference; lastKnownFileType = sourcecode.swift; path = LeeCode146.swift; sourceTree = "<group>"; };
		1A87687A243EE53800A8CEEE /* LeeCode24.swift */ = {isa = PBXFileReference; lastKnownFileType = sourcecode.swift; path = LeeCode24.swift; sourceTree = "<group>"; };
		1A876880243F258C00A8CEEE /* LeeCode206.swift */ = {isa = PBXFileReference; lastKnownFileType = sourcecode.swift; path = LeeCode206.swift; sourceTree = "<group>"; };
		84054C4F243CBECD00FD840C /* LeeCode */ = {isa = PBXFileReference; explicitFileType = "compiled.mach-o.executable"; includeInIndex = 0; path = LeeCode; sourceTree = BUILT_PRODUCTS_DIR; };
		84054C52243CBECD00FD840C /* main.swift */ = {isa = PBXFileReference; lastKnownFileType = sourcecode.swift; path = main.swift; sourceTree = "<group>"; };
		84054C59243CBEDD00FD840C /* LeeCode21.swift */ = {isa = PBXFileReference; lastKnownFileType = sourcecode.swift; path = LeeCode21.swift; sourceTree = "<group>"; };
		84BF1181243F4DD200A35AE4 /* LeeCode83.swift */ = {isa = PBXFileReference; lastKnownFileType = sourcecode.swift; path = LeeCode83.swift; sourceTree = "<group>"; };
		84BF1183243F527400A35AE4 /* BaseModel.swift */ = {isa = PBXFileReference; lastKnownFileType = sourcecode.swift; path = BaseModel.swift; sourceTree = "<group>"; };
		84BF1185243F5CE700A35AE4 /* LeeCode141.swift */ = {isa = PBXFileReference; lastKnownFileType = sourcecode.swift; path = LeeCode141.swift; sourceTree = "<group>"; };
		84BF118C2441716A00A35AE4 /* LeeCode160.swift */ = {isa = PBXFileReference; fileEncoding = 4; lastKnownFileType = sourcecode.swift; path = LeeCode160.swift; sourceTree = "<group>"; };
/* End PBXFileReference section */

/* Begin PBXFrameworksBuildPhase section */
		84054C4C243CBECD00FD840C /* Frameworks */ = {
			isa = PBXFrameworksBuildPhase;
			buildActionMask = 2147483647;
			files = (
			);
			runOnlyForDeploymentPostprocessing = 0;
		};
/* End PBXFrameworksBuildPhase section */

/* Begin PBXGroup section */
		1A80264A243D788700B0A56A /* ListNode */ = {
			isa = PBXGroup;
			children = (
				1A802644243D769500B0A56A /* LeeCode2.swift */,
				1A802646243D77B600B0A56A /* LeeCode19.swift */,
				84054C59243CBEDD00FD840C /* LeeCode21.swift */,
				1A802642243D758900B0A56A /* LeeCode23.swift */,
				1A87687A243EE53800A8CEEE /* LeeCode24.swift */,
				84BF1181243F4DD200A35AE4 /* LeeCode83.swift */,
				84BF1185243F5CE700A35AE4 /* LeeCode141.swift */,
				1A802648243D782700B0A56A /* LeeCode146.swift */,
				84BF118C2441716A00A35AE4 /* LeeCode160.swift */,
				1A30BDBA24406D8600904F6E /* LeeCode203.swift */,
				1A876880243F258C00A8CEEE /* LeeCode206.swift */,
				1A30BDBC24407A5900904F6E /* LeeCode234.swift */,
				1A30BDBE24407F2900904F6E /* LeeCode237.swift */,
			);
			path = ListNode;
			sourceTree = "<group>";
		};
		84054C46243CBECD00FD840C = {
			isa = PBXGroup;
			children = (
				84054C51243CBECD00FD840C /* LeeCode */,
				84054C50243CBECD00FD840C /* Products */,
				84BF11892441710500A35AE4 /* Recovered References */,
			);
			sourceTree = "<group>";
		};
		84054C50243CBECD00FD840C /* Products */ = {
			isa = PBXGroup;
			children = (
				84054C4F243CBECD00FD840C /* LeeCode */,
			);
			name = Products;
			sourceTree = "<group>";
		};
		84054C51243CBECD00FD840C /* LeeCode */ = {
			isa = PBXGroup;
			children = (
				84054C52243CBECD00FD840C /* main.swift */,
				84BF1183243F527400A35AE4 /* BaseModel.swift */,
				1A80264A243D788700B0A56A /* ListNode */,
			);
			path = LeeCode;
			sourceTree = "<group>";
		};
		84BF11892441710500A35AE4 /* Recovered References */ = {
			isa = PBXGroup;
			children = (
			);
			name = "Recovered References";
			sourceTree = "<group>";
		};
/* End PBXGroup section */

/* Begin PBXNativeTarget section */
		84054C4E243CBECD00FD840C /* LeeCode */ = {
			isa = PBXNativeTarget;
			buildConfigurationList = 84054C56243CBECD00FD840C /* Build configuration list for PBXNativeTarget "LeeCode" */;
			buildPhases = (
				84054C4B243CBECD00FD840C /* Sources */,
				84054C4C243CBECD00FD840C /* Frameworks */,
				84054C4D243CBECD00FD840C /* CopyFiles */,
			);
			buildRules = (
			);
			dependencies = (
			);
			name = LeeCode;
			productName = LeeCode;
			productReference = 84054C4F243CBECD00FD840C /* LeeCode */;
			productType = "com.apple.product-type.tool";
		};
/* End PBXNativeTarget section */

/* Begin PBXProject section */
		84054C47243CBECD00FD840C /* Project object */ = {
			isa = PBXProject;
			attributes = {
				LastSwiftUpdateCheck = 1100;
				LastUpgradeCheck = 1100;
				ORGANIZATIONNAME = JJWOW;
				TargetAttributes = {
					84054C4E243CBECD00FD840C = {
						CreatedOnToolsVersion = 11.0;
					};
				};
			};
			buildConfigurationList = 84054C4A243CBECD00FD840C /* Build configuration list for PBXProject "LeeCode" */;
			compatibilityVersion = "Xcode 9.3";
			developmentRegion = en;
			hasScannedForEncodings = 0;
			knownRegions = (
				en,
				Base,
			);
			mainGroup = 84054C46243CBECD00FD840C;
			productRefGroup = 84054C50243CBECD00FD840C /* Products */;
			projectDirPath = "";
			projectRoot = "";
			targets = (
				84054C4E243CBECD00FD840C /* LeeCode */,
			);
		};
/* End PBXProject section */

/* Begin PBXSourcesBuildPhase section */
		84054C4B243CBECD00FD840C /* Sources */ = {
			isa = PBXSourcesBuildPhase;
			buildActionMask = 2147483647;
			files = (
				84BF1186243F5CE700A35AE4 /* LeeCode141.swift in Sources */,
				1A802645243D769500B0A56A /* LeeCode2.swift in Sources */,
				84BF1182243F4DD200A35AE4 /* LeeCode83.swift in Sources */,
				1A30BDBF24407F2900904F6E /* LeeCode237.swift in Sources */,
				1A30BDBD24407A5900904F6E /* LeeCode234.swift in Sources */,
				1A802645243D769500B0A56A /* LeeCode2.swift in Sources */,
				1A30BDBB24406D8600904F6E /* LeeCode203.swift in Sources */,
				84054C5A243CBEDD00FD840C /* LeeCode21.swift in Sources */,
				1A802643243D758900B0A56A /* LeeCode23.swift in Sources */,
				84BF1184243F527400A35AE4 /* BaseModel.swift in Sources */,
				1A802649243D782700B0A56A /* LeeCode146.swift in Sources */,
				84BF118D2441716A00A35AE4 /* LeeCode160.swift in Sources */,
				1A876881243F258C00A8CEEE /* LeeCode206.swift in Sources */,
				1A802647243D77B600B0A56A /* LeeCode19.swift in Sources */,
				1A87687B243EE53800A8CEEE /* LeeCode24.swift in Sources */,
				84054C53243CBECD00FD840C /* main.swift in Sources */,
			);
			runOnlyForDeploymentPostprocessing = 0;
		};
/* End PBXSourcesBuildPhase section */

/* Begin XCBuildConfiguration section */
		84054C54243CBECD00FD840C /* Debug */ = {
			isa = XCBuildConfiguration;
			buildSettings = {
				ALWAYS_SEARCH_USER_PATHS = NO;
				CLANG_ANALYZER_NONNULL = YES;
				CLANG_ANALYZER_NUMBER_OBJECT_CONVERSION = YES_AGGRESSIVE;
				CLANG_CXX_LANGUAGE_STANDARD = "gnu++14";
				CLANG_CXX_LIBRARY = "libc++";
				CLANG_ENABLE_MODULES = YES;
				CLANG_ENABLE_OBJC_ARC = YES;
				CLANG_ENABLE_OBJC_WEAK = YES;
				CLANG_WARN_BLOCK_CAPTURE_AUTORELEASING = YES;
				CLANG_WARN_BOOL_CONVERSION = YES;
				CLANG_WARN_COMMA = YES;
				CLANG_WARN_CONSTANT_CONVERSION = YES;
				CLANG_WARN_DEPRECATED_OBJC_IMPLEMENTATIONS = YES;
				CLANG_WARN_DIRECT_OBJC_ISA_USAGE = YES_ERROR;
				CLANG_WARN_DOCUMENTATION_COMMENTS = YES;
				CLANG_WARN_EMPTY_BODY = YES;
				CLANG_WARN_ENUM_CONVERSION = YES;
				CLANG_WARN_INFINITE_RECURSION = YES;
				CLANG_WARN_INT_CONVERSION = YES;
				CLANG_WARN_NON_LITERAL_NULL_CONVERSION = YES;
				CLANG_WARN_OBJC_IMPLICIT_RETAIN_SELF = YES;
				CLANG_WARN_OBJC_LITERAL_CONVERSION = YES;
				CLANG_WARN_OBJC_ROOT_CLASS = YES_ERROR;
				CLANG_WARN_RANGE_LOOP_ANALYSIS = YES;
				CLANG_WARN_STRICT_PROTOTYPES = YES;
				CLANG_WARN_SUSPICIOUS_MOVE = YES;
				CLANG_WARN_UNGUARDED_AVAILABILITY = YES_AGGRESSIVE;
				CLANG_WARN_UNREACHABLE_CODE = YES;
				CLANG_WARN__DUPLICATE_METHOD_MATCH = YES;
				COPY_PHASE_STRIP = NO;
				DEBUG_INFORMATION_FORMAT = dwarf;
				ENABLE_STRICT_OBJC_MSGSEND = YES;
				ENABLE_TESTABILITY = YES;
				GCC_C_LANGUAGE_STANDARD = gnu11;
				GCC_DYNAMIC_NO_PIC = NO;
				GCC_NO_COMMON_BLOCKS = YES;
				GCC_OPTIMIZATION_LEVEL = 0;
				GCC_PREPROCESSOR_DEFINITIONS = (
					"DEBUG=1",
					"$(inherited)",
				);
				GCC_WARN_64_TO_32_BIT_CONVERSION = YES;
				GCC_WARN_ABOUT_RETURN_TYPE = YES_ERROR;
				GCC_WARN_UNDECLARED_SELECTOR = YES;
				GCC_WARN_UNINITIALIZED_AUTOS = YES_AGGRESSIVE;
				GCC_WARN_UNUSED_FUNCTION = YES;
				GCC_WARN_UNUSED_VARIABLE = YES;
				MACOSX_DEPLOYMENT_TARGET = 10.15;
				MTL_ENABLE_DEBUG_INFO = INCLUDE_SOURCE;
				MTL_FAST_MATH = YES;
				ONLY_ACTIVE_ARCH = YES;
				SDKROOT = macosx;
				SWIFT_ACTIVE_COMPILATION_CONDITIONS = DEBUG;
				SWIFT_OPTIMIZATION_LEVEL = "-Onone";
			};
			name = Debug;
		};
		84054C55243CBECD00FD840C /* Release */ = {
			isa = XCBuildConfiguration;
			buildSettings = {
				ALWAYS_SEARCH_USER_PATHS = NO;
				CLANG_ANALYZER_NONNULL = YES;
				CLANG_ANALYZER_NUMBER_OBJECT_CONVERSION = YES_AGGRESSIVE;
				CLANG_CXX_LANGUAGE_STANDARD = "gnu++14";
				CLANG_CXX_LIBRARY = "libc++";
				CLANG_ENABLE_MODULES = YES;
				CLANG_ENABLE_OBJC_ARC = YES;
				CLANG_ENABLE_OBJC_WEAK = YES;
				CLANG_WARN_BLOCK_CAPTURE_AUTORELEASING = YES;
				CLANG_WARN_BOOL_CONVERSION = YES;
				CLANG_WARN_COMMA = YES;
				CLANG_WARN_CONSTANT_CONVERSION = YES;
				CLANG_WARN_DEPRECATED_OBJC_IMPLEMENTATIONS = YES;
				CLANG_WARN_DIRECT_OBJC_ISA_USAGE = YES_ERROR;
				CLANG_WARN_DOCUMENTATION_COMMENTS = YES;
				CLANG_WARN_EMPTY_BODY = YES;
				CLANG_WARN_ENUM_CONVERSION = YES;
				CLANG_WARN_INFINITE_RECURSION = YES;
				CLANG_WARN_INT_CONVERSION = YES;
				CLANG_WARN_NON_LITERAL_NULL_CONVERSION = YES;
				CLANG_WARN_OBJC_IMPLICIT_RETAIN_SELF = YES;
				CLANG_WARN_OBJC_LITERAL_CONVERSION = YES;
				CLANG_WARN_OBJC_ROOT_CLASS = YES_ERROR;
				CLANG_WARN_RANGE_LOOP_ANALYSIS = YES;
				CLANG_WARN_STRICT_PROTOTYPES = YES;
				CLANG_WARN_SUSPICIOUS_MOVE = YES;
				CLANG_WARN_UNGUARDED_AVAILABILITY = YES_AGGRESSIVE;
				CLANG_WARN_UNREACHABLE_CODE = YES;
				CLANG_WARN__DUPLICATE_METHOD_MATCH = YES;
				COPY_PHASE_STRIP = NO;
				DEBUG_INFORMATION_FORMAT = "dwarf-with-dsym";
				ENABLE_NS_ASSERTIONS = NO;
				ENABLE_STRICT_OBJC_MSGSEND = YES;
				GCC_C_LANGUAGE_STANDARD = gnu11;
				GCC_NO_COMMON_BLOCKS = YES;
				GCC_WARN_64_TO_32_BIT_CONVERSION = YES;
				GCC_WARN_ABOUT_RETURN_TYPE = YES_ERROR;
				GCC_WARN_UNDECLARED_SELECTOR = YES;
				GCC_WARN_UNINITIALIZED_AUTOS = YES_AGGRESSIVE;
				GCC_WARN_UNUSED_FUNCTION = YES;
				GCC_WARN_UNUSED_VARIABLE = YES;
				MACOSX_DEPLOYMENT_TARGET = 10.15;
				MTL_ENABLE_DEBUG_INFO = NO;
				MTL_FAST_MATH = YES;
				SDKROOT = macosx;
				SWIFT_COMPILATION_MODE = wholemodule;
				SWIFT_OPTIMIZATION_LEVEL = "-O";
			};
			name = Release;
		};
		84054C57243CBECD00FD840C /* Debug */ = {
			isa = XCBuildConfiguration;
			buildSettings = {
				CODE_SIGN_STYLE = Automatic;
				PRODUCT_NAME = "$(TARGET_NAME)";
				SWIFT_VERSION = 5.0;
			};
			name = Debug;
		};
		84054C58243CBECD00FD840C /* Release */ = {
			isa = XCBuildConfiguration;
			buildSettings = {
				CODE_SIGN_STYLE = Automatic;
				PRODUCT_NAME = "$(TARGET_NAME)";
				SWIFT_VERSION = 5.0;
			};
			name = Release;
		};
/* End XCBuildConfiguration section */

/* Begin XCConfigurationList section */
		84054C4A243CBECD00FD840C /* Build configuration list for PBXProject "LeeCode" */ = {
			isa = XCConfigurationList;
			buildConfigurations = (
				84054C54243CBECD00FD840C /* Debug */,
				84054C55243CBECD00FD840C /* Release */,
			);
			defaultConfigurationIsVisible = 0;
			defaultConfigurationName = Release;
		};
		84054C56243CBECD00FD840C /* Build configuration list for PBXNativeTarget "LeeCode" */ = {
			isa = XCConfigurationList;
			buildConfigurations = (
				84054C57243CBECD00FD840C /* Debug */,
				84054C58243CBECD00FD840C /* Release */,
			);
			defaultConfigurationIsVisible = 0;
			defaultConfigurationName = Release;
		};
/* End XCConfigurationList section */
	};
	rootObject = 84054C47243CBECD00FD840C /* Project object */;
}
